{
  "projects": [
    {
      "projectId": "seaQhLVS4bbjiGvJJrRwyL",
      "version": "15.0.3",
      "dependencies": {},
      "lang": "js",
      "fileLocks": [
        {
          "assetId": "seaQhLVS4bbjiGvJJrRwyL",
          "type": "projectCss",
          "checksum": "92fb3f0ca07a8916b2b57cc87f1b539e"
        }
      ],
      "codegenVersion": "0.0.1"
    },
    {
      "projectId": "bJmo2tdG6kQGZ4iwYBrjeU",
      "version": "latest",
      "dependencies": {
        "seaQhLVS4bbjiGvJJrRwyL": "15.0.3"
      },
      "lang": "js",
      "fileLocks": [
        {
          "type": "globalVariant",
          "assetId": "mSPqrdrCRlH2Q-",
          "checksum": "ff9da12f92735b4807f16a1d08ed8860"
        },
        {
          "assetId": "bJmo2tdG6kQGZ4iwYBrjeU",
          "type": "projectCss",
          "checksum": "a4d7684ac6a7d8ca8889e55d9506884b"
        },
        {
          "type": "renderModule",
          "assetId": "ACsxTXhP-u-EE",
          "checksum": "928b85cbd7a76f9426a0b3e0edc61c5e"
        },
        {
          "type": "cssRules",
          "assetId": "ACsxTXhP-u-EE",
          "checksum": "928b85cbd7a76f9426a0b3e0edc61c5e"
        },
        {
          "type": "renderModule",
          "assetId": "wqXBpLChZ1mUR",
          "checksum": "fbfc34bd088c49ce02b93f79b2dd3bfd"
        },
        {
          "type": "cssRules",
          "assetId": "wqXBpLChZ1mUR",
          "checksum": "fbfc34bd088c49ce02b93f79b2dd3bfd"
        },
        {
          "type": "renderModule",
          "assetId": "f0WP3Kg2Vjqhf",
          "checksum": "ec226226840147c780897b41b57c518d"
        },
        {
          "type": "cssRules",
          "assetId": "f0WP3Kg2Vjqhf",
          "checksum": "ec226226840147c780897b41b57c518d"
        },
        {
          "type": "renderModule",
          "assetId": "UfFtit0F9KMo8Y",
          "checksum": "206eb0a830ac7e185e657e20bb4cd092"
        },
        {
          "type": "cssRules",
          "assetId": "UfFtit0F9KMo8Y",
          "checksum": "206eb0a830ac7e185e657e20bb4cd092"
        },
        {
          "type": "renderModule",
          "assetId": "BSQ6AFlYL_eYT0",
          "checksum": "52bab7f55db9b03f8fa2087070b1519d"
        },
        {
          "type": "cssRules",
          "assetId": "BSQ6AFlYL_eYT0",
          "checksum": "52bab7f55db9b03f8fa2087070b1519d"
        },
        {
          "type": "renderModule",
          "assetId": "TKh9sfC_YMUxk_",
          "checksum": "f0c52991f08f8dfedb81d56ec27b49f7"
        },
        {
          "type": "cssRules",
          "assetId": "TKh9sfC_YMUxk_",
          "checksum": "f0c52991f08f8dfedb81d56ec27b49f7"
        },
        {
          "type": "renderModule",
          "assetId": "31ZaSqaLWv89h7",
          "checksum": "e60f1b698b0a6ce498ea023458d566fb"
        },
        {
          "type": "cssRules",
          "assetId": "31ZaSqaLWv89h7",
          "checksum": "e60f1b698b0a6ce498ea023458d566fb"
        },
        {
          "type": "renderModule",
          "assetId": "s5RsSqZn9G6RHH",
          "checksum": "12d9070f7e23bc7cf14e899338d5dda6"
        },
        {
          "type": "cssRules",
          "assetId": "s5RsSqZn9G6RHH",
          "checksum": "12d9070f7e23bc7cf14e899338d5dda6"
        },
        {
          "type": "renderModule",
          "assetId": "6G96xi_1i6SBB7",
          "checksum": "0ebf707d7f110e4a50b14b5b40e30286"
        },
        {
          "type": "cssRules",
          "assetId": "6G96xi_1i6SBB7",
          "checksum": "0ebf707d7f110e4a50b14b5b40e30286"
        },
        {
          "type": "renderModule",
          "assetId": "6Seh2opbHxlH6n",
          "checksum": "1e525d1662732850ef560dec95038236"
        },
        {
          "type": "cssRules",
          "assetId": "6Seh2opbHxlH6n",
          "checksum": "1e525d1662732850ef560dec95038236"
        },
        {
          "type": "renderModule",
          "assetId": "TrQfdR9sdvDgIu",
          "checksum": "cca2b4808ca566a71aa6962e418e51a0"
        },
        {
          "type": "cssRules",
          "assetId": "TrQfdR9sdvDgIu",
          "checksum": "cca2b4808ca566a71aa6962e418e51a0"
        },
        {
          "type": "renderModule",
          "assetId": "IHFKkmwx8NvkPc",
          "checksum": "a4969470351a0e1d1858ff00536a96e6"
        },
        {
          "type": "cssRules",
          "assetId": "IHFKkmwx8NvkPc",
          "checksum": "a4969470351a0e1d1858ff00536a96e6"
        },
        {
          "type": "renderModule",
          "assetId": "_lynD2Lh2S0A1Y",
          "checksum": "b4b24caac88bc08935b2468aaa8dffba"
        },
        {
          "type": "cssRules",
          "assetId": "_lynD2Lh2S0A1Y",
          "checksum": "b4b24caac88bc08935b2468aaa8dffba"
        },
        {
          "type": "renderModule",
          "assetId": "idLIvyc9Lk7PeE",
          "checksum": "467480b6f73267148963f738aa117ed1"
        },
        {
          "type": "cssRules",
          "assetId": "idLIvyc9Lk7PeE",
          "checksum": "467480b6f73267148963f738aa117ed1"
        },
        {
          "type": "renderModule",
          "assetId": "J4lJf__ulg_AyS",
          "checksum": "1d8354ef6772a53ea3ef5ae1b82418d0"
        },
        {
          "type": "cssRules",
          "assetId": "J4lJf__ulg_AyS",
          "checksum": "1d8354ef6772a53ea3ef5ae1b82418d0"
        },
        {
          "type": "renderModule",
          "assetId": "UcNHWjLZE9dDlt",
          "checksum": "b1c08eb0c6f9da9023700749ff50a69f"
        },
        {
          "type": "cssRules",
          "assetId": "UcNHWjLZE9dDlt",
          "checksum": "b1c08eb0c6f9da9023700749ff50a69f"
        },
        {
          "type": "renderModule",
          "assetId": "TnZLSUgLDI35C4",
          "checksum": "5fd177a5cf50372bba1c209b470495ed"
        },
        {
          "type": "cssRules",
          "assetId": "TnZLSUgLDI35C4",
          "checksum": "5fd177a5cf50372bba1c209b470495ed"
        },
        {
          "type": "renderModule",
          "assetId": "YiV8tMfamkAsfR",
          "checksum": "45fc5a7242f0da8a89bc19ddd8e8522f"
        },
        {
          "type": "cssRules",
          "assetId": "YiV8tMfamkAsfR",
          "checksum": "45fc5a7242f0da8a89bc19ddd8e8522f"
        },
        {
          "type": "renderModule",
          "assetId": "c5yLa0rKRkXDrk",
          "checksum": "bbe00985b35a599f335eaa7962364523"
        },
        {
          "type": "cssRules",
          "assetId": "c5yLa0rKRkXDrk",
          "checksum": "bbe00985b35a599f335eaa7962364523"
        },
        {
          "type": "renderModule",
          "assetId": "9fASFiAt8NFNyT",
          "checksum": "65bb5af094b81406ea4ae133e60414de"
        },
        {
          "type": "cssRules",
          "assetId": "9fASFiAt8NFNyT",
          "checksum": "65bb5af094b81406ea4ae133e60414de"
        },
        {
          "type": "icon",
          "assetId": "CdRyL4nqFgPGM3",
          "checksum": "fdd6ceceaa2a4eb12755f86cf2974b2a"
        },
        {
          "type": "icon",
          "assetId": "dXyAU9oVo671hn",
          "checksum": "5a6bca2160f475b8503a23d9d43efa1c"
        },
        {
          "type": "icon",
          "assetId": "nUFz_MKLsQzxya",
          "checksum": "f7c80ebef044f91346d9cf7bb0c234ed"
        },
        {
          "type": "icon",
          "assetId": "KV8cpxAcQSeln7",
          "checksum": "2c620702f63909c8e48dad5d661273c3"
        },
        {
          "type": "icon",
          "assetId": "HTrkYnQnKS8Qfi",
          "checksum": "a27644950f952b0d3b8bb732d5d6646c"
        },
        {
          "type": "icon",
          "assetId": "v7ESfCKb66AEuQ",
          "checksum": "a2fe9da2fcf29dffdc4b60477c1b4879"
        },
        {
          "type": "icon",
          "assetId": "oNX1v69oWrPhxb",
          "checksum": "56b58be9df0cfc170ac55b7226b437a4"
        },
        {
          "type": "icon",
          "assetId": "05jgMKC2TT1wWE",
          "checksum": "ff06128fc74bc5e9c76e7c202f3bb3ab"
        },
        {
          "type": "icon",
          "assetId": "3cELBb17yawmq-",
          "checksum": "35aac59352843e0122f205cb096753e9"
        },
        {
          "type": "icon",
          "assetId": "hXxJjYHEkbOODM",
          "checksum": "678124f31e27299ee630321c9539066f"
        },
        {
          "type": "icon",
          "assetId": "jotodDctspfCuF",
          "checksum": "a2926b49108d6adfe8dd4b9599cbf4c9"
        },
        {
          "type": "icon",
          "assetId": "wh3-m0F482pCIv",
          "checksum": "b66b20c6276a45f0e5092a13cc6d0785"
        },
        {
          "type": "icon",
          "assetId": "mrZsWSIlSFwSc7",
          "checksum": "37fd8b5a654b7eab32d4314a66cc4ebe"
        },
        {
          "type": "icon",
          "assetId": "jL767GJDtcV4qG",
          "checksum": "6360a501072d1166255748d63dcf76e4"
        },
        {
          "type": "icon",
          "assetId": "Qjr0gVxcvioXFU",
          "checksum": "e31867ea10ef2f1c5b3cd6b55abf5435"
        },
        {
          "type": "icon",
          "assetId": "SVTgBx7Jyo_fY_",
          "checksum": "82ae5a34d5557d38c50a20421ef35cfd"
        },
        {
          "type": "icon",
          "assetId": "V3hiA9KB9IbO3G",
          "checksum": "5293442335add8ccc095229d82e2c3b6"
        },
        {
          "type": "icon",
          "assetId": "3o0AKvfnbv1ifG",
          "checksum": "e684f33d8bbe69f8d03420defa9e55fd"
        },
        {
          "type": "icon",
          "assetId": "BoIvXwBIdWRSpK",
          "checksum": "2c9e652ccd69b12dc7f9ca644fe72cd7"
        },
        {
          "type": "icon",
          "assetId": "xzU3U0X9EM48hf",
          "checksum": "1b1a36995084d9a4ab750567c442462c"
        },
        {
          "type": "icon",
          "assetId": "T8GXCLirF8-x3i",
          "checksum": "dd7739477f6e351573df96c9347d0d52"
        },
        {
          "type": "icon",
          "assetId": "tDU3oesTdReL6D",
          "checksum": "61bc4fbd10cb3e32f555cb91acd6001d"
        },
        {
          "type": "icon",
          "assetId": "rHrabkGVopUVsx",
          "checksum": "868eeeb43134e778c7639d4fd8b4062a"
        },
        {
          "type": "icon",
          "assetId": "Hdu7SszM4pSXr2",
          "checksum": "ca21cb48b13c24e1868f873e2c903231"
        },
        {
          "type": "icon",
          "assetId": "QgxYmDK9rrqScB",
          "checksum": "7ec457d437b9a6fe83c16959649c40ee"
        },
        {
          "type": "icon",
          "assetId": "T-2NuHlqRNlCGx",
          "checksum": "e7942af72072a1710c28b76235652ff0"
        },
        {
          "type": "icon",
          "assetId": "-KwoNuCq_bVph5",
          "checksum": "6083830bacab800189c71cdf5e15bbfd"
        },
        {
          "type": "icon",
          "assetId": "m8GQPBW-aMTEyU",
          "checksum": "3208fecb77b9aa890e772f375fe488d9"
        },
        {
          "type": "icon",
          "assetId": "quGxchnz8jPeC9",
          "checksum": "e4b655f1bdd3da5d110e23715492395e"
        },
        {
          "type": "icon",
          "assetId": "rzNXoG5FXGHSqt",
          "checksum": "d78331a61a8f34db867292008f9a8f77"
        },
        {
          "type": "icon",
          "assetId": "Fq3vVSHI2LWVG_",
          "checksum": "e37a5914c415b24005b853d3242fc90a"
        },
        {
          "type": "image",
          "assetId": "F49qZum65DTPWq",
          "checksum": "4851511c9945dcc0c73459951a41db6c"
        },
        {
          "type": "image",
          "assetId": "cCrvhQGfb8HRe9",
          "checksum": "2ed1cfbb90b4ce69de203dfb93ae014a"
        },
        {
          "type": "image",
          "assetId": "0fJWwM0P935q-5",
          "checksum": "1f7cc885def4112eaa7fb40a76ec5814"
        },
        {
          "type": "image",
          "assetId": "bNHE0LiQxjWqxw",
          "checksum": "86d42bf60a6def4fecb4d022a308010f"
        },
        {
          "type": "image",
          "assetId": "D18lkuZb25_O-p",
          "checksum": "76eb52bbcbd426cb575640a369fc70b5"
        },
        {
          "type": "image",
          "assetId": "Dm-QcAW3xWOWmE",
          "checksum": "c1e7f463d9e08386d4b6876911830f58"
        },
        {
          "type": "image",
          "assetId": "Ns-D3cntDlfKY5",
          "checksum": "1186a7c0883d78bd0f9ba6db112bd8f7"
        },
        {
          "type": "image",
          "assetId": "JW64hwElivnsy1",
          "checksum": "083ddbbe2c04e9cd8699ff29765060db"
        },
        {
          "type": "image",
          "assetId": "5r9qudvmNO2E8M",
          "checksum": "1d4816e980cc41ba11958ece289df932"
        },
        {
          "type": "image",
          "assetId": "m2MqHXBwPD6ft9",
          "checksum": "3bc04113e362227f1741bb5b73192523"
        },
        {
          "type": "image",
          "assetId": "LPYf5MQhAza-V_",
          "checksum": "784e5b3575cf0031d8aa287c1314a9c9"
        },
        {
          "type": "image",
          "assetId": "yvnqn5pMYvnt5M",
          "checksum": "0d879a87ba63346f15762f650e251fc0"
        },
        {
          "type": "image",
          "assetId": "tyA58lWA7L2YRV",
          "checksum": "bb0aa4c9e79e79f7d672e649f5ab21f7"
        },
        {
          "type": "image",
          "assetId": "W9T3AAZFNi91bt",
          "checksum": "e94bd59879316f8202def3fd95e22036"
        },
        {
          "type": "image",
          "assetId": "-2Prjx_3_WQoF7",
          "checksum": "e90968b80c58d153868ec5d9cf1fdfa2"
        },
        {
          "type": "image",
          "assetId": "d52ac0vKpl6v7V",
          "checksum": "ab499be03e789bf7b3332ff95016c7dc"
        },
        {
          "type": "image",
          "assetId": "WldxvEo2CI_tf8",
          "checksum": "1eaa78a3e8d524c3d7169279fcc45a7a"
        },
        {
          "type": "image",
          "assetId": "7SIKhUJ9Mdepc5",
          "checksum": "2216ee79fe308f39068d080fca8789ff"
        },
        {
          "type": "image",
          "assetId": "AhLCFlrgqYzk2z",
          "checksum": "a36e554e61590efcba35fd7094d1459f"
        },
        {
          "type": "image",
          "assetId": "p6JNUrHyl_ay1I",
          "checksum": "aa266980104e29e48dcb777f5fa264a2"
        },
        {
          "type": "image",
          "assetId": "SB11pdbdte3ZB6",
          "checksum": "d863449ac0f50fcea1fb656906a4d5c7"
        },
        {
          "type": "image",
          "assetId": "-IRVqQxtfSTW-e",
          "checksum": "1e9d1e6324aa72848706f8f980695259"
        },
        {
          "type": "image",
          "assetId": "5tmOmejpy_3YdB",
          "checksum": "9e46bd974468fc5974be785dbecaeb71"
        },
        {
          "type": "image",
          "assetId": "ccO63fcUpNZabl",
          "checksum": "5ce1b0c5fc0db7279571e8e1ee121d00"
        },
        {
          "type": "image",
          "assetId": "2FDjl2mZ2hAChV",
          "checksum": "00346d323147c1260296e049fd129744"
        },
        {
          "type": "image",
          "assetId": "zxVVNjGlowyqf1",
          "checksum": "3a11959b835985ae3dfe07f968d5c0be"
        },
        {
          "type": "image",
          "assetId": "lXljvNXac4GzYr",
          "checksum": "c84fe67fc9e93022d96a0540bdb52fb8"
        },
        {
          "type": "image",
          "assetId": "PYwhm5ovh8KdBP",
          "checksum": "936412b722a07c371dc0688eb25be2b4"
        },
        {
          "type": "image",
          "assetId": "UlQ0K0f5RYuh6M",
          "checksum": "8e7bba2454d874ed11a56ab4a66409e9"
        },
        {
          "type": "image",
          "assetId": "Kq8MXV2ufJtYIz",
          "checksum": "94ae681367586c8e60a850732008b0ff"
        },
        {
          "type": "image",
          "assetId": "JaQZEvqCnmGG0K",
          "checksum": "acb592bcf3708bfcb8e637c93a0f0a11"
        },
        {
          "type": "image",
          "assetId": "eOgI7UB5FNr00-",
          "checksum": "629128d4ffc762a230c811a6844517ea"
        },
        {
          "type": "image",
          "assetId": "QO52Jm57GL1YoF",
          "checksum": "9df897935ed520257945fdf292dd906d"
        },
        {
          "type": "image",
          "assetId": "MQzhKevtFD0OaA",
          "checksum": "9d158336140aa6806e1a3bae36dda5e4"
        },
        {
          "type": "image",
          "assetId": "FJ7sd_jEXKDTSQ",
          "checksum": "75a9ae0c031b9a85766a71a0667dc7cb"
        },
        {
          "type": "image",
          "assetId": "164Ex7re-jOp_U",
          "checksum": "3a0400a933566a2f180cc0f876aaae3a"
        },
        {
          "type": "image",
          "assetId": "ccaQOSEvphg39W",
          "checksum": "7ddeaef1a085f39835d6a332c6263a51"
        },
        {
          "type": "image",
          "assetId": "4fiTmZRhJifW35",
          "checksum": "15eb83027eeb22e815b9a1699c6e86c5"
        },
        {
          "type": "image",
          "assetId": "SMLPT5yHy4ncBw",
          "checksum": "30d987b4d1e3251e3efabdd7b26bca44"
        },
        {
          "type": "image",
          "assetId": "Vk-PelBbfgDWkb",
          "checksum": "5c999c0f89b6d233b1385efafa82491b"
        },
        {
          "type": "image",
          "assetId": "X0MLq28S_L3ZZq",
          "checksum": "e3ff3b47ec2df0fc871048d5b176b0ee"
        },
        {
          "type": "image",
          "assetId": "0H04fmanF8FAzT",
          "checksum": "e3e2cb2ec361e191218377b679d97419"
        },
        {
          "type": "image",
          "assetId": "eOUH2W04gMHB0r",
          "checksum": "9c11fc255e934073e79b69cf31c8c93b"
        },
        {
          "type": "image",
          "assetId": "epRe6yzR5Bmvfv",
          "checksum": "ee48f4e232955ae44c22d39aade53ec2"
        },
        {
          "type": "image",
          "assetId": "Phh9GvHcBSh8SE",
          "checksum": "b8301df7692157d67d52063c5e61b4ff"
        },
        {
          "type": "image",
          "assetId": "dlXcs2sQpKtlju",
          "checksum": "f4992855b76c7fc02a2ab2dfbbb95557"
        },
        {
          "type": "image",
          "assetId": "GyPoErzUzN2sxm",
          "checksum": "52966d9218e5130e85285986d9e35222"
        },
        {
          "type": "image",
          "assetId": "CwWmCmf_k5n_Jc",
          "checksum": "4869bf1b82a596c937239743efc665fa"
        },
        {
          "type": "image",
          "assetId": "axH3tsmCNBsXlO",
          "checksum": "de25b922d8e5c3ae0a0ae078f302fe5d"
        },
        {
          "type": "image",
          "assetId": "PoF58gz__R4M7D",
          "checksum": "3416125d2494ccf6afa64033877d8524"
        },
        {
          "type": "image",
          "assetId": "Md5BN-B72gzVfS",
          "checksum": "b562c09dc1d09e22c41b3e97b959721d"
        },
        {
          "type": "image",
          "assetId": "Z8e1Y56Cv8EBJM",
          "checksum": "58cfabb9b39b650f18433b8cd6a2f426"
        },
        {
          "type": "image",
          "assetId": "GMMK_7BcM0Hx9u",
          "checksum": "80d0687513e3ffaf7d45230e76b9ba63"
        },
        {
          "type": "image",
          "assetId": "JpXDvH9LMi8oDM",
          "checksum": "c41b067b9a87f4cdb5832829ada14daa"
        },
        {
          "type": "image",
          "assetId": "93glxoN_YcsuBd",
          "checksum": "1d9f95c52b7372d77136efe4b6a3b891"
        },
        {
          "type": "image",
          "assetId": "QZdf5jYuGGvGY4",
          "checksum": "a33f0146c75a44f03c66209db6c0073c"
        }
      ],
      "codegenVersion": "0.0.1"
    }
  ],
  "cliVersion": "0.1.186"
}
